
Microsoft Visual Studio Solution File, Format Version 12.00
# Visual Studio Version 16
VisualStudioVersion = 16.0.31402.337
MinimumVisualStudioVersion = 10.0.40219.1
Project("{FAE04EC0-301F-11D3-BF4B-00C04F79EFBC}") = "jeu_de_maths", "jeu_de_maths\jeu_de_maths.csproj", "{62ECA9CD-979E-43AD-9D6A-62887A83772E}"
EndProject
Global
	GlobalSection(SolutionConfigurationPlatforms) = preSolution
		Debug|Any CPU = Debug|Any CPU
		Release|Any CPU = Release|Any CPU
	EndGlobalSection
	GlobalSection(ProjectConfigurationPlatforms) = postSolution
		{62ECA9CD-979E-43AD-9D6A-62887A83772E}.Debug|Any CPU.ActiveCfg = Debug|Any CPU
		{62ECA9CD-979E-43AD-9D6A-62887A83772E}.Debug|Any CPU.Build.0 = Debug|Any CPU
		{62ECA9CD-979E-43AD-9D6A-62887A83772E}.Release|Any CPU.ActiveCfg = Release|Any CPU
		{62ECA9CD-979E-43AD-9D6A-62887A83772E}.Release|Any CPU.Build.0 = Release|Any CPU
	EndGlobalSection
	GlobalSection(SolutionProperties) = preSolution
		HideSolutionNode = FALSE
	EndGlobalSection
	GlobalSection(ExtensibilityGlobals) = postSolution
		SolutionGuid = {4B8152F9-422F-4ECA-9D51-85F94D0F1E26}
	EndGlobalSection
EndGlobal
